// !$*UTF8*$!
{
	archiveVersion = 1;
	classes = {
	};
	objectVersion = 77;
	objects = {

/* Begin PBXContainerItemProxy section */
		698FB11D2D03A2D20064EE76 /* PBXContainerItemProxy */ = {
			isa = PBXContainerItemProxy;
			containerPortal = 698FB1042D03A2D00064EE76 /* Project object */;
			proxyType = 1;
			remoteGlobalIDString = 698FB10B2D03A2D00064EE76;
			remoteInfo = Cesped_G;
		};
		698FB1272D03A2D20064EE76 /* PBXContainerItemProxy */ = {
			isa = PBXContainerItemProxy;
			containerPortal = 698FB1042D03A2D00064EE76 /* Project object */;
			proxyType = 1;
			remoteGlobalIDString = 698FB10B2D03A2D00064EE76;
			remoteInfo = Cesped_G;
		};
/* End PBXContainerItemProxy section */

/* Begin PBXFileReference section */
		698FB10C2D03A2D00064EE76 /* Cesped_G.app */ = {isa = PBXFileReference; explicitFileType = wrapper.application; includeInIndex = 0; path = Cesped_G.app; sourceTree = BUILT_PRODUCTS_DIR; };
		698FB11C2D03A2D20064EE76 /* Cesped_GTests.xctest */ = {isa = PBXFileReference; explicitFileType = wrapper.cfbundle; includeInIndex = 0; path = Cesped_GTests.xctest; sourceTree = BUILT_PRODUCTS_DIR; };
		698FB1262D03A2D20064EE76 /* Cesped_GUITests.xctest */ = {isa = PBXFileReference; explicitFileType = wrapper.cfbundle; includeInIndex = 0; path = Cesped_GUITests.xctest; sourceTree = BUILT_PRODUCTS_DIR; };
/* End PBXFileReference section */

/* Begin PBXFileSystemSynchronizedRootGroup section */
		698FB10E2D03A2D00064EE76 /* Cesped_G */ = {
			isa = PBXFileSystemSynchronizedRootGroup;
			path = Cesped_G;
			sourceTree = "<group>";
		};
		698FB11F2D03A2D20064EE76 /* Cesped_GTests */ = {
			isa = PBXFileSystemSynchronizedRootGroup;
			path = Cesped_GTests;
			sourceTree = "<group>";
		};
		698FB1292D03A2D20064EE76 /* Cesped_GUITests */ = {
			isa = PBXFileSystemSynchronizedRootGroup;
			path = Cesped_GUITests;
			sourceTree = "<group>";
		};
/* End PBXFileSystemSynchronizedRootGroup section */

/* Begin PBXFrameworksBuildPhase section */
		698FB1092D03A2D00064EE76 /* Frameworks */ = {
			isa = PBXFrameworksBuildPhase;
			buildActionMask = 2147483647;
			files = (
			);
			runOnlyForDeploymentPostprocessing = 0;
		};
		698FB1192D03A2D20064EE76 /* Frameworks */ = {
			isa = PBXFrameworksBuildPhase;
			buildActionMask = 2147483647;
			files = (
			);
			runOnlyForDeploymentPostprocessing = 0;
		};
		698FB1232D03A2D20064EE76 /* Frameworks */ = {
			isa = PBXFrameworksBuildPhase;
			buildActionMask = 2147483647;
			files = (
			);
			runOnlyForDeploymentPostprocessing = 0;
		};
/* End PBXFrameworksBuildPhase section */

/* Begin PBXGroup section */
		698FB1032D03A2D00064EE76 = {
			isa = PBXGroup;
			children = (
				698FB10E2D03A2D00064EE76 /* Cesped_G */,
				698FB11F2D03A2D20064EE76 /* Cesped_GTests */,
				698FB1292D03A2D20064EE76 /* Cesped_GUITests */,
				698FB10D2D03A2D00064EE76 /* Products */,
			);
			sourceTree = "<group>";
		};
		698FB10D2D03A2D00064EE76 /* Products */ = {
			isa = PBXGroup;
			children = (
				698FB10C2D03A2D00064EE76 /* Cesped_G.app */,
				698FB11C2D03A2D20064EE76 /* Cesped_GTests.xctest */,
				698FB1262D03A2D20064EE76 /* Cesped_GUITests.xctest */,
			);
			name = Products;
			sourceTree = "<group>";
		};
/* End PBXGroup section */

/* Begin PBXNativeTarget section */
		698FB10B2D03A2D00064EE76 /* Cesped_G */ = {
			isa = PBXNativeTarget;
			buildConfigurationList = 698FB1302D03A2D20064EE76 /* Build configuration list for PBXNativeTarget "Cesped_G" */;
			buildPhases = (
				698FB1082D03A2D00064EE76 /* Sources */,
				698FB1092D03A2D00064EE76 /* Frameworks */,
				698FB10A2D03A2D00064EE76 /* Resources */,
			);
			buildRules = (
			);
			dependencies = (
			);
			fileSystemSynchronizedGroups = (
				698FB10E2D03A2D00064EE76 /* Cesped_G */,
			);
			name = Cesped_G;
			packageProductDependencies = (
			);
			productName = Cesped_G;
			productReference = 698FB10C2D03A2D00064EE76 /* Cesped_G.app */;
			productType = "com.apple.product-type.application";
		};
		698FB11B2D03A2D20064EE76 /* Cesped_GTests */ = {
			isa = PBXNativeTarget;
			buildConfigurationList = 698FB1332D03A2D20064EE76 /* Build configuration list for PBXNativeTarget "Cesped_GTests" */;
			buildPhases = (
				698FB1182D03A2D20064EE76 /* Sources */,
				698FB1192D03A2D20064EE76 /* Frameworks */,
				698FB11A2D03A2D20064EE76 /* Resources */,
			);
			buildRules = (
			);
			dependencies = (
				698FB11E2D03A2D20064EE76 /* PBXTargetDependency */,
			);
			fileSystemSynchronizedGroups = (
				698FB11F2D03A2D20064EE76 /* Cesped_GTests */,
			);
			name = Cesped_GTests;
			packageProductDependencies = (
			);
			productName = Cesped_GTests;
			productReference = 698FB11C2D03A2D20064EE76 /* Cesped_GTests.xctest */;
			productType = "com.apple.product-type.bundle.unit-test";
		};
		698FB1252D03A2D20064EE76 /* Cesped_GUITests */ = {
			isa = PBXNativeTarget;
			buildConfigurationList = 698FB1362D03A2D20064EE76 /* Build configuration list for PBXNativeTarget "Cesped_GUITests" */;
			buildPhases = (
				698FB1222D03A2D20064EE76 /* Sources */,
				698FB1232D03A2D20064EE76 /* Frameworks */,
				698FB1242D03A2D20064EE76 /* Resources */,
			);
			buildRules = (
			);
			dependencies = (
				698FB1282D03A2D20064EE76 /* PBXTargetDependency */,
			);
			fileSystemSynchronizedGroups = (
				698FB1292D03A2D20064EE76 /* Cesped_GUITests */,
			);
			name = Cesped_GUITests;
			packageProductDependencies = (
			);
			productName = Cesped_GUITests;
			productReference = 698FB1262D03A2D20064EE76 /* Cesped_GUITests.xctest */;
			productType = "com.apple.product-type.bundle.ui-testing";
		};
/* End PBXNativeTarget section */

/* Begin PBXProject section */
		698FB1042D03A2D00064EE76 /* Project object */ = {
			isa = PBXProject;
			attributes = {
				BuildIndependentTargetsInParallel = 1;
				LastSwiftUpdateCheck = 1610;
				LastUpgradeCheck = 1610;
				TargetAttributes = {
					698FB10B2D03A2D00064EE76 = {
						CreatedOnToolsVersion = 16.1;
					};
					698FB11B2D03A2D20064EE76 = {
						CreatedOnToolsVersion = 16.1;
						TestTargetID = 698FB10B2D03A2D00064EE76;
					};
					698FB1252D03A2D20064EE76 = {
						CreatedOnToolsVersion = 16.1;
						TestTargetID = 698FB10B2D03A2D00064EE76;
					};
				};
			};
			buildConfigurationList = 698FB1072D03A2D00064EE76 /* Build configuration list for PBXProject "Cesped_G" */;
			developmentRegion = en;
			hasScannedForEncodings = 0;
			knownRegions = (
				en,
				Base,
			);
			mainGroup = 698FB1032D03A2D00064EE76;
			minimizedProjectReferenceProxies = 1;
			preferredProjectObjectVersion = 77;
			productRefGroup = 698FB10D2D03A2D00064EE76 /* Products */;
			projectDirPath = "";
			projectRoot = "";
			targets = (
				698FB10B2D03A2D00064EE76 /* Cesped_G */,
				698FB11B2D03A2D20064EE76 /* Cesped_GTests */,
				698FB1252D03A2D20064EE76 /* Cesped_GUITests */,
			);
		};
/* End PBXProject section */

/* Begin PBXResourcesBuildPhase section */
		698FB10A2D03A2D00064EE76 /* Resources */ = {
			isa = PBXResourcesBuildPhase;
			buildActionMask = 2147483647;
			files = (
			);
			runOnlyForDeploymentPostprocessing = 0;
		};
		698FB11A2D03A2D20064EE76 /* Resources */ = {
			isa = PBXResourcesBuildPhase;
			buildActionMask = 2147483647;
			files = (
			);
			runOnlyForDeploymentPostprocessing = 0;
		};
		698FB1242D03A2D20064EE76 /* Resources */ = {
			isa = PBXResourcesBuildPhase;
			buildActionMask = 2147483647;
			files = (
			);
			runOnlyForDeploymentPostprocessing = 0;
		};
/* End PBXResourcesBuildPhase section */

/* Begin PBXSourcesBuildPhase section */
		698FB1082D03A2D00064EE76 /* Sources */ = {
			isa = PBXSourcesBuildPhase;
			buildActionMask = 2147483647;
			files = (
			);
			runOnlyForDeploymentPostprocessing = 0;
		};
		698FB1182D03A2D20064EE76 /* Sources */ = {
			isa = PBXSourcesBuildPhase;
			buildActionMask = 2147483647;
			files = (
			);
			runOnlyForDeploymentPostprocessing = 0;
		};
		698FB1222D03A2D20064EE76 /* Sources */ = {
			isa = PBXSourcesBuildPhase;
			buildActionMask = 2147483647;
			files = (
			);
			runOnlyForDeploymentPostprocessing = 0;
		};
/* End PBXSourcesBuildPhase section */

/* Begin PBXTargetDependency section */
		698FB11E2D03A2D20064EE76 /* PBXTargetDependency */ = {
			isa = PBXTargetDependency;
			target = 698FB10B2D03A2D00064EE76 /* Cesped_G */;
			targetProxy = 698FB11D2D03A2D20064EE76 /* PBXContainerItemProxy */;
		};
		698FB1282D03A2D20064EE76 /* PBXTargetDependency */ = {
			isa = PBXTargetDependency;
			target = 698FB10B2D03A2D00064EE76 /* Cesped_G */;
			targetProxy = 698FB1272D03A2D20064EE76 /* PBXContainerItemProxy */;
		};
/* End PBXTargetDependency section */

/* Begin XCBuildConfiguration section */
		698FB12E2D03A2D20064EE76 /* Debug */ = {
			isa = XCBuildConfiguration;
			buildSettings = {
				ALWAYS_SEARCH_USER_PATHS = NO;
				ASSETCATALOG_COMPILER_GENERATE_SWIFT_ASSET_SYMBOL_EXTENSIONS = YES;
				CLANG_ANALYZER_NONNULL = YES;
				CLANG_ANALYZER_NUMBER_OBJECT_CONVERSION = YES_AGGRESSIVE;
				CLANG_CXX_LANGUAGE_STANDARD = "gnu++20";
				CLANG_ENABLE_MODULES = YES;
				CLANG_ENABLE_OBJC_ARC = YES;
				CLANG_ENABLE_OBJC_WEAK = YES;
				CLANG_WARN_BLOCK_CAPTURE_AUTORELEASING = YES;
				CLANG_WARN_BOOL_CONVERSION = YES;
				CLANG_WARN_COMMA = YES;
				CLANG_WARN_CONSTANT_CONVERSION = YES;
				CLANG_WARN_DEPRECATED_OBJC_IMPLEMENTATIONS = YES;
				CLANG_WARN_DIRECT_OBJC_ISA_USAGE = YES_ERROR;
				CLANG_WARN_DOCUMENTATION_COMMENTS = YES;
				CLANG_WARN_EMPTY_BODY = YES;
				CLANG_WARN_ENUM_CONVERSION = YES;
				CLANG_WARN_INFINITE_RECURSION = YES;
				CLANG_WARN_INT_CONVERSION = YES;
				CLANG_WARN_NON_LITERAL_NULL_CONVERSION = YES;
				CLANG_WARN_OBJC_IMPLICIT_RETAIN_SELF = YES;
				CLANG_WARN_OBJC_LITERAL_CONVERSION = YES;
				CLANG_WARN_OBJC_ROOT_CLASS = YES_ERROR;
				CLANG_WARN_QUOTED_INCLUDE_IN_FRAMEWORK_HEADER = YES;
				CLANG_WARN_RANGE_LOOP_ANALYSIS = YES;
				CLANG_WARN_STRICT_PROTOTYPES = YES;
				CLANG_WARN_SUSPICIOUS_MOVE = YES;
				CLANG_WARN_UNGUARDED_AVAILABILITY = YES_AGGRESSIVE;
				CLANG_WARN_UNREACHABLE_CODE = YES;
				CLANG_WARN__DUPLICATE_METHOD_MATCH = YES;
				COPY_PHASE_STRIP = NO;
				DEBUG_INFORMATION_FORMAT = dwarf;
				ENABLE_STRICT_OBJC_MSGSEND = YES;
				ENABLE_TESTABILITY = YES;
				ENABLE_USER_SCRIPT_SANDBOXING = YES;
				GCC_C_LANGUAGE_STANDARD = gnu17;
				GCC_DYNAMIC_NO_PIC = NO;
				GCC_NO_COMMON_BLOCKS = YES;
				GCC_OPTIMIZATION_LEVEL = 0;
				GCC_PREPROCESSOR_DEFINITIONS = (
					"DEBUG=1",
					"$(inherited)",
				);
				GCC_WARN_64_TO_32_BIT_CONVERSION = YES;
				GCC_WARN_ABOUT_RETURN_TYPE = YES_ERROR;
				GCC_WARN_UNDECLARED_SELECTOR = YES;
				GCC_WARN_UNINITIALIZED_AUTOS = YES_AGGRESSIVE;
				GCC_WARN_UNUSED_FUNCTION = YES;
				GCC_WARN_UNUSED_VARIABLE = YES;
				IPHONEOS_DEPLOYMENT_TARGET = 18.1;
				LOCALIZATION_PREFERS_STRING_CATALOGS = YES;
				MTL_ENABLE_DEBUG_INFO = INCLUDE_SOURCE;
				MTL_FAST_MATH = YES;
				ONLY_ACTIVE_ARCH = YES;
				SDKROOT = iphoneos;
				SWIFT_ACTIVE_COMPILATION_CONDITIONS = "DEBUG $(inherited)";
				SWIFT_OPTIMIZATION_LEVEL = "-Onone";
			};
			name = Debug;
		};
		698FB12F2D03A2D20064EE76 /* Release */ = {
			isa = XCBuildConfiguration;
			buildSettings = {
				ALWAYS_SEARCH_USER_PATHS = NO;
				ASSETCATALOG_COMPILER_GENERATE_SWIFT_ASSET_SYMBOL_EXTENSIONS = YES;
				CLANG_ANALYZER_NONNULL = YES;
				CLANG_ANALYZER_NUMBER_OBJECT_CONVERSION = YES_AGGRESSIVE;
				CLANG_CXX_LANGUAGE_STANDARD = "gnu++20";
				CLANG_ENABLE_MODULES = YES;
				CLANG_ENABLE_OBJC_ARC = YES;
				CLANG_ENABLE_OBJC_WEAK = YES;
				CLANG_WARN_BLOCK_CAPTURE_AUTORELEASING = YES;
				CLANG_WARN_BOOL_CONVERSION = YES;
				CLANG_WARN_COMMA = YES;
				CLANG_WARN_CONSTANT_CONVERSION = YES;
				CLANG_WARN_DEPRECATED_OBJC_IMPLEMENTATIONS = YES;
				CLANG_WARN_DIRECT_OBJC_ISA_USAGE = YES_ERROR;
				CLANG_WARN_DOCUMENTATION_COMMENTS = YES;
				CLANG_WARN_EMPTY_BODY = YES;
				CLANG_WARN_ENUM_CONVERSION = YES;
				CLANG_WARN_INFINITE_RECURSION = YES;
				CLANG_WARN_INT_CONVERSION = YES;
				CLANG_WARN_NON_LITERAL_NULL_CONVERSION = YES;
				CLANG_WARN_OBJC_IMPLICIT_RETAIN_SELF = YES;
				CLANG_WARN_OBJC_LITERAL_CONVERSION = YES;
				CLANG_WARN_OBJC_ROOT_CLASS = YES_ERROR;
				CLANG_WARN_QUOTED_INCLUDE_IN_FRAMEWORK_HEADER = YES;
				CLANG_WARN_RANGE_LOOP_ANALYSIS = YES;
				CLANG_WARN_STRICT_PROTOTYPES = YES;
				CLANG_WARN_SUSPICIOUS_MOVE = YES;
				CLANG_WARN_UNGUARDED_AVAILABILITY = YES_AGGRESSIVE;
				CLANG_WARN_UNREACHABLE_CODE = YES;
				CLANG_WARN__DUPLICATE_METHOD_MATCH = YES;
				COPY_PHASE_STRIP = NO;
				DEBUG_INFORMATION_FORMAT = "dwarf-with-dsym";
				ENABLE_NS_ASSERTIONS = NO;
				ENABLE_STRICT_OBJC_MSGSEND = YES;
				ENABLE_USER_SCRIPT_SANDBOXING = YES;
				GCC_C_LANGUAGE_STANDARD = gnu17;
				GCC_NO_COMMON_BLOCKS = YES;
				GCC_WARN_64_TO_32_BIT_CONVERSION = YES;
				GCC_WARN_ABOUT_RETURN_TYPE = YES_ERROR;
				GCC_WARN_UNDECLARED_SELECTOR = YES;
				GCC_WARN_UNINITIALIZED_AUTOS = YES_AGGRESSIVE;
				GCC_WARN_UNUSED_FUNCTION = YES;
				GCC_WARN_UNUSED_VARIABLE = YES;
				IPHONEOS_DEPLOYMENT_TARGET = 18.1;
				LOCALIZATION_PREFERS_STRING_CATALOGS = YES;
				MTL_ENABLE_DEBUG_INFO = NO;
				MTL_FAST_MATH = YES;
				SDKROOT = iphoneos;
				SWIFT_COMPILATION_MODE = wholemodule;
				VALIDATE_PRODUCT = YES;
			};
			name = Release;
		};
		698FB1312D03A2D20064EE76 /* Debug */ = {
			isa = XCBuildConfiguration;
			buildSettings = {
				ASSETCATALOG_COMPILER_APPICON_NAME = AppIcon;
				ASSETCATALOG_COMPILER_GLOBAL_ACCENT_COLOR_NAME = AccentColor;
				CODE_SIGN_STYLE = Automatic;
				CURRENT_PROJECT_VERSION = 1;
				DEVELOPMENT_ASSET_PATHS = "\"Cesped_G/Preview Content\"";
				ENABLE_PREVIEWS = YES;
				GENERATE_INFOPLIST_FILE = YES;
				INFOPLIST_KEY_UIApplicationSceneManifest_Generation = YES;
				INFOPLIST_KEY_UIApplicationSupportsIndirectInputEvents = YES;
				INFOPLIST_KEY_UILaunchScreen_Generation = YES;
				INFOPLIST_KEY_UISupportedInterfaceOrientations_iPad = "UIInterfaceOrientationPortrait UIInterfaceOrientationPortraitUpsideDown UIInterfaceOrientationLandscapeLeft UIInterfaceOrientationLandscapeRight";
				INFOPLIST_KEY_UISupportedInterfaceOrientations_iPhone = "UIInterfaceOrientationPortrait UIInterfaceOrientationLandscapeLeft UIInterfaceOrientationLandscapeRight";
				LD_RUNPATH_SEARCH_PATHS = (
					"$(inherited)",
					"@executable_path/Frameworks",
				);
				MARKETING_VERSION = 1.0;
				PRODUCT_BUNDLE_IDENTIFIER = "UTR.Cesped-G";
				PRODUCT_NAME = "$(TARGET_NAME)";
				SWIFT_EMIT_LOC_STRINGS = YES;
				SWIFT_VERSION = 5.0;
				TARGETED_DEVICE_FAMILY = "1,2";
			};
			name = Debug;
		};
		698FB1322D03A2D20064EE76 /* Release */ = {
			isa = XCBuildConfiguration;
			buildSettings = {
				ASSETCATALOG_COMPILER_APPICON_NAME = AppIcon;
				ASSETCATALOG_COMPILER_GLOBAL_ACCENT_COLOR_NAME = AccentColor;
				CODE_SIGN_STYLE = Automatic;
				CURRENT_PROJECT_VERSION = 1;
				DEVELOPMENT_ASSET_PATHS = "\"Cesped_G/Preview Content\"";
				ENABLE_PREVIEWS = YES;
				GENERATE_INFOPLIST_FILE = YES;
				INFOPLIST_KEY_UIApplicationSceneManifest_Generation = YES;
				INFOPLIST_KEY_UIApplicationSupportsIndirectInputEvents = YES;
				INFOPLIST_KEY_UILaunchScreen_Generation = YES;
				INFOPLIST_KEY_UISupportedInterfaceOrientations_iPad = "UIInterfaceOrientationPortrait UIInterfaceOrientationPortraitUpsideDown UIInterfaceOrientationLandscapeLeft UIInterfaceOrientationLandscapeRight";
				INFOPLIST_KEY_UISupportedInterfaceOrientations_iPhone = "UIInterfaceOrientationPortrait UIInterfaceOrientationLandscapeLeft UIInterfaceOrientationLandscapeRight";
				LD_RUNPATH_SEARCH_PATHS = (
					"$(inherited)",
					"@executable_path/Frameworks",
				);
				MARKETING_VERSION = 1.0;
				PRODUCT_BUNDLE_IDENTIFIER = "UTR.Cesped-G";
				PRODUCT_NAME = "$(TARGET_NAME)";
				SWIFT_EMIT_LOC_STRINGS = YES;
				SWIFT_VERSION = 5.0;
				TARGETED_DEVICE_FAMILY = "1,2";
			};
			name = Release;
		};
		698FB1342D03A2D20064EE76 /* Debug */ = {
			isa = XCBuildConfiguration;
			buildSettings = {
				BUNDLE_LOADER = "$(TEST_HOST)";
				CODE_SIGN_STYLE = Automatic;
				CURRENT_PROJECT_VERSION = 1;
				GENERATE_INFOPLIST_FILE = YES;
				IPHONEOS_DEPLOYMENT_TARGET = 18.1;
				MARKETING_VERSION = 1.0;
				PRODUCT_BUNDLE_IDENTIFIER = "UTR.Cesped-GTests";
				PRODUCT_NAME = "$(TARGET_NAME)";
				SWIFT_EMIT_LOC_STRINGS = NO;
				SWIFT_VERSION = 5.0;
				TARGETED_DEVICE_FAMILY = "1,2";
				TEST_HOST = "$(BUILT_PRODUCTS_DIR)/Cesped_G.app/$(BUNDLE_EXECUTABLE_FOLDER_PATH)/Cesped_G";
			};
			name = Debug;
		};
		698FB1352D03A2D20064EE76 /* Release */ = {
			isa = XCBuildConfiguration;
			buildSettings = {
				BUNDLE_LOADER = "$(TEST_HOST)";
				CODE_SIGN_STYLE = Automatic;
				CURRENT_PROJECT_VERSION = 1;
				GENERATE_INFOPLIST_FILE = YES;
				IPHONEOS_DEPLOYMENT_TARGET = 18.1;
				MARKETING_VERSION = 1.0;
				PRODUCT_BUNDLE_IDENTIFIER = "UTR.Cesped-GTests";
				PRODUCT_NAME = "$(TARGET_NAME)";
				SWIFT_EMIT_LOC_STRINGS = NO;
				SWIFT_VERSION = 5.0;
				TARGETED_DEVICE_FAMILY = "1,2";
				TEST_HOST = "$(BUILT_PRODUCTS_DIR)/Cesped_G.app/$(BUNDLE_EXECUTABLE_FOLDER_PATH)/Cesped_G";
			};
			name = Release;
		};
		698FB1372D03A2D20064EE76 /* Debug */ = {
			isa = XCBuildConfiguration;
			buildSettings = {
				CODE_SIGN_STYLE = Automatic;
				CURRENT_PROJECT_VERSION = 1;
				GENERATE_INFOPLIST_FILE = YES;
				MARKETING_VERSION = 1.0;
				PRODUCT_BUNDLE_IDENTIFIER = "UTR.Cesped-GUITests";
				PRODUCT_NAME = "$(TARGET_NAME)";
				SWIFT_EMIT_LOC_STRINGS = NO;
				SWIFT_VERSION = 5.0;
				TARGETED_DEVICE_FAMILY = "1,2";
				TEST_TARGET_NAME = Cesped_G;
			};
			name = Debug;
		};
		698FB1382D03A2D20064EE76 /* Release */ = {
			isa = XCBuildConfiguration;
			buildSettings = {
				CODE_SIGN_STYLE = Automatic;
				CURRENT_PROJECT_VERSION = 1;
				GENERATE_INFOPLIST_FILE = YES;
				MARKETING_VERSION = 1.0;
				PRODUCT_BUNDLE_IDENTIFIER = "UTR.Cesped-GUITests";
				PRODUCT_NAME = "$(TARGET_NAME)";
				SWIFT_EMIT_LOC_STRINGS = NO;
				SWIFT_VERSION = 5.0;
				TARGETED_DEVICE_FAMILY = "1,2";
				TEST_TARGET_NAME = Cesped_G;
			};
			name = Release;
		};
/* End XCBuildConfiguration section */

/* Begin XCConfigurationList section */
		698FB1072D03A2D00064EE76 /* Build configuration list for PBXProject "Cesped_G" */ = {
			isa = XCConfigurationList;
			buildConfigurations = (
				698FB12E2D03A2D20064EE76 /* Debug */,
				698FB12F2D03A2D20064EE76 /* Release */,
			);
			defaultConfigurationIsVisible = 0;
			defaultConfigurationName = Release;
		};
		698FB1302D03A2D20064EE76 /* Build configuration list for PBXNativeTarget "Cesped_G" */ = {
			isa = XCConfigurationList;
			buildConfigurations = (
				698FB1312D03A2D20064EE76 /* Debug */,
				698FB1322D03A2D20064EE76 /* Release */,
			);
			defaultConfigurationIsVisible = 0;
			defaultConfigurationName = Release;
		};
		698FB1332D03A2D20064EE76 /* Build configuration list for PBXNativeTarget "Cesped_GTests" */ = {
			isa = XCConfigurationList;
			buildConfigurations = (
				698FB1342D03A2D20064EE76 /* Debug */,
				698FB1352D03A2D20064EE76 /* Release */,
			);
			defaultConfigurationIsVisible = 0;
			defaultConfigurationName = Release;
		};
		698FB1362D03A2D20064EE76 /* Build configuration list for PBXNativeTarget "Cesped_GUITests" */ = {
			isa = XCConfigurationList;
			buildConfigurations = (
				698FB1372D03A2D20064EE76 /* Debug */,
				698FB1382D03A2D20064EE76 /* Release */,
			);
			defaultConfigurationIsVisible = 0;
			defaultConfigurationName = Release;
		};
/* End XCConfigurationList section */
	};
	rootObject = 698FB1042D03A2D00064EE76 /* Project object */;
}
